
Microsoft Visual Studio Solution File, Format Version 12.00
# Visual Studio Version 16
VisualStudioVersion = 16.0.31624.102
MinimumVisualStudioVersion = 10.0.40219.1
Project("{FAE04EC0-301F-11D3-BF4B-00C04F79EFBC}") = "Prj1", "Prj1\Prj1.csproj", "{5FF466CB-CDDB-4F09-8992-734F64A530C0}"
EndProject
Global
	GlobalSection(SolutionConfigurationPlatforms) = preSolution
		Debug|Any CPU = Debug|Any CPU
		Release|Any CPU = Release|Any CPU
	EndGlobalSection
	GlobalSection(ProjectConfigurationPlatforms) = postSolution
		{5FF466CB-CDDB-4F09-8992-734F64A530C0}.Debug|Any CPU.ActiveCfg = Debug|Any CPU
		{5FF466CB-CDDB-4F09-8992-734F64A530C0}.Debug|Any CPU.Build.0 = Debug|Any CPU
		{5FF466CB-CDDB-4F09-8992-734F64A530C0}.Release|Any CPU.ActiveCfg = Release|Any CPU
		{5FF466CB-CDDB-4F09-8992-734F64A530C0}.Release|Any CPU.Build.0 = Release|Any CPU
	EndGlobalSection
	GlobalSection(SolutionProperties) = preSolution
		HideSolutionNode = FALSE
	EndGlobalSection
	GlobalSection(ExtensibilityGlobals) = postSolution
		SolutionGuid = {F19A3DB6-D5D6-4282-9343-7CA59F2B2BC9}
	EndGlobalSection
EndGlobal
